
Microsoft Visual Studio Solution File, Format Version 12.00
# Visual Studio 14
VisualStudioVersion = 14.0.23107.0
MinimumVisualStudioVersion = 10.0.40219.1
Project("{FAE04EC0-301F-11D3-BF4B-00C04F79EFBC}") = "ntu.xzmcwjzs.WebApp", "ntu.xzmcwjzs.WebApp\ntu.xzmcwjzs.WebApp.csproj", "{699C6099-4201-4970-B041-4812A4DF432A}"
EndProject
Project("{FAE04EC0-301F-11D3-BF4B-00C04F79EFBC}") = "ntu.xzmcwjzs.WebApp.Tests", "ntu.xzmcwjzs.WebApp.Tests\ntu.xzmcwjzs.WebApp.Tests.csproj", "{A517410C-803A-4D30-B8B8-8CAEB6A85A67}"
EndProject
Project("{FAE04EC0-301F-11D3-BF4B-00C04F79EFBC}") = "ntu.xzmcwjzs.Common", "ntu.xzmcwjzs.Common\ntu.xzmcwjzs.Common.csproj", "{AEC92432-D8BD-4DF1-9256-39748D0FB6C0}"
EndProject
Project("{FAE04EC0-301F-11D3-BF4B-00C04F79EFBC}") = "ntu.xzmcwjzs.Ioc", "ntu.xzmcwjzs.Ioc\ntu.xzmcwjzs.Ioc.csproj", "{40BA43E8-D6E2-40EA-AFAA-81D2F82D3AB4}"
EndProject
Project("{FAE04EC0-301F-11D3-BF4B-00C04F79EFBC}") = "ntu.xzmcwjzs.Model", "ntu.xzmcwjzs.Model\ntu.xzmcwjzs.Model.csproj", "{60C82364-FCD9-4879-9053-61F6B47ADCF5}"
EndProject
Project("{FAE04EC0-301F-11D3-BF4B-00C04F79EFBC}") = "ntu.xzmcwjzs.DAL", "ntu.xzmcwjzs.DAL\ntu.xzmcwjzs.DAL.csproj", "{AE7F039F-0E2C-455F-8EC8-0355B4BBA5D8}"
EndProject
Project("{FAE04EC0-301F-11D3-BF4B-00C04F79EFBC}") = "ntu.xzmcwjzs.DALSessionFactory", "ntu.xzmcwjzs.DALSessionFactory\ntu.xzmcwjzs.DALSessionFactory.csproj", "{6D06F944-119C-4C00-B487-4F0AF640AAEA}"
EndProject
Project("{FAE04EC0-301F-11D3-BF4B-00C04F79EFBC}") = "ntu.xzmcwjzs.IDAL", "ntu.xzmcwjzs.IDAL\ntu.xzmcwjzs.IDAL.csproj", "{FFC838CB-E8BD-4465-991F-82DCC1BD30A7}"
EndProject
Project("{FAE04EC0-301F-11D3-BF4B-00C04F79EFBC}") = "ntu.xzmcwjzs.BLL", "ntu.xzmcwjzs.BLL\ntu.xzmcwjzs.BLL.csproj", "{EC7CACD2-BF15-49CD-99BB-4EBFD1CB763D}"
EndProject
Project("{FAE04EC0-301F-11D3-BF4B-00C04F79EFBC}") = "ntu.xzmcwjzs.IBLL", "ntu.xzmcwjzs.IBLL\ntu.xzmcwjzs.IBLL.csproj", "{11DF9826-60F8-4387-8C56-27CEB409C94B}"
EndProject
Project("{2150E333-8FDC-42A3-9474-1A3956D46DE8}") = "Infrastructure", "Infrastructure", "{3424F596-9FE5-4DC1-97A6-02B34D35F36E}"
EndProject
Project("{2150E333-8FDC-42A3-9474-1A3956D46DE8}") = "Repository", "Repository", "{DA4C124F-EB70-4F21-9542-73FAFA49016F}"
EndProject
Project("{2150E333-8FDC-42A3-9474-1A3956D46DE8}") = "Service", "Service", "{2F83A028-18B4-4CB7-BCBC-ECF6C7A1FC47}"
EndProject
Project("{2150E333-8FDC-42A3-9474-1A3956D46DE8}") = "UI", "UI", "{21A65721-43C3-42FD-A5D6-F7CDF616DEC0}"
EndProject
Project("{2150E333-8FDC-42A3-9474-1A3956D46DE8}") = "Test", "Test", "{1C8A0CDA-7CA1-4E36-8320-19066F8CE5E9}"
EndProject
Global
	GlobalSection(SolutionConfigurationPlatforms) = preSolution
		Debug|Any CPU = Debug|Any CPU
		Release|Any CPU = Release|Any CPU
	EndGlobalSection
	GlobalSection(ProjectConfigurationPlatforms) = postSolution
		{699C6099-4201-4970-B041-4812A4DF432A}.Debug|Any CPU.ActiveCfg = Debug|Any CPU
		{699C6099-4201-4970-B041-4812A4DF432A}.Debug|Any CPU.Build.0 = Debug|Any CPU
		{699C6099-4201-4970-B041-4812A4DF432A}.Release|Any CPU.ActiveCfg = Release|Any CPU
		{699C6099-4201-4970-B041-4812A4DF432A}.Release|Any CPU.Build.0 = Release|Any CPU
		{A517410C-803A-4D30-B8B8-8CAEB6A85A67}.Debug|Any CPU.ActiveCfg = Debug|Any CPU
		{A517410C-803A-4D30-B8B8-8CAEB6A85A67}.Debug|Any CPU.Build.0 = Debug|Any CPU
		{A517410C-803A-4D30-B8B8-8CAEB6A85A67}.Release|Any CPU.ActiveCfg = Release|Any CPU
		{A517410C-803A-4D30-B8B8-8CAEB6A85A67}.Release|Any CPU.Build.0 = Release|Any CPU
		{AEC92432-D8BD-4DF1-9256-39748D0FB6C0}.Debug|Any CPU.ActiveCfg = Debug|Any CPU
		{AEC92432-D8BD-4DF1-9256-39748D0FB6C0}.Debug|Any CPU.Build.0 = Debug|Any CPU
		{AEC92432-D8BD-4DF1-9256-39748D0FB6C0}.Release|Any CPU.ActiveCfg = Release|Any CPU
		{AEC92432-D8BD-4DF1-9256-39748D0FB6C0}.Release|Any CPU.Build.0 = Release|Any CPU
		{40BA43E8-D6E2-40EA-AFAA-81D2F82D3AB4}.Debug|Any CPU.ActiveCfg = Debug|Any CPU
		{40BA43E8-D6E2-40EA-AFAA-81D2F82D3AB4}.Debug|Any CPU.Build.0 = Debug|Any CPU
		{40BA43E8-D6E2-40EA-AFAA-81D2F82D3AB4}.Release|Any CPU.ActiveCfg = Release|Any CPU
		{40BA43E8-D6E2-40EA-AFAA-81D2F82D3AB4}.Release|Any CPU.Build.0 = Release|Any CPU
		{60C82364-FCD9-4879-9053-61F6B47ADCF5}.Debug|Any CPU.ActiveCfg = Debug|Any CPU
		{60C82364-FCD9-4879-9053-61F6B47ADCF5}.Debug|Any CPU.Build.0 = Debug|Any CPU
		{60C82364-FCD9-4879-9053-61F6B47ADCF5}.Release|Any CPU.ActiveCfg = Release|Any CPU
		{60C82364-FCD9-4879-9053-61F6B47ADCF5}.Release|Any CPU.Build.0 = Release|Any CPU
		{AE7F039F-0E2C-455F-8EC8-0355B4BBA5D8}.Debug|Any CPU.ActiveCfg = Debug|Any CPU
		{AE7F039F-0E2C-455F-8EC8-0355B4BBA5D8}.Debug|Any CPU.Build.0 = Debug|Any CPU
		{AE7F039F-0E2C-455F-8EC8-0355B4BBA5D8}.Release|Any CPU.ActiveCfg = Release|Any CPU
		{AE7F039F-0E2C-455F-8EC8-0355B4BBA5D8}.Release|Any CPU.Build.0 = Release|Any CPU
		{6D06F944-119C-4C00-B487-4F0AF640AAEA}.Debug|Any CPU.ActiveCfg = Debug|Any CPU
		{6D06F944-119C-4C00-B487-4F0AF640AAEA}.Debug|Any CPU.Build.0 = Debug|Any CPU
		{6D06F944-119C-4C00-B487-4F0AF640AAEA}.Release|Any CPU.ActiveCfg = Release|Any CPU
		{6D06F944-119C-4C00-B487-4F0AF640AAEA}.Release|Any CPU.Build.0 = Release|Any CPU
		{FFC838CB-E8BD-4465-991F-82DCC1BD30A7}.Debug|Any CPU.ActiveCfg = Debug|Any CPU
		{FFC838CB-E8BD-4465-991F-82DCC1BD30A7}.Debug|Any CPU.Build.0 = Debug|Any CPU
		{FFC838CB-E8BD-4465-991F-82DCC1BD30A7}.Release|Any CPU.ActiveCfg = Release|Any CPU
		{FFC838CB-E8BD-4465-991F-82DCC1BD30A7}.Release|Any CPU.Build.0 = Release|Any CPU
		{EC7CACD2-BF15-49CD-99BB-4EBFD1CB763D}.Debug|Any CPU.ActiveCfg = Debug|Any CPU
		{EC7CACD2-BF15-49CD-99BB-4EBFD1CB763D}.Debug|Any CPU.Build.0 = Debug|Any CPU
		{EC7CACD2-BF15-49CD-99BB-4EBFD1CB763D}.Release|Any CPU.ActiveCfg = Release|Any CPU
		{EC7CACD2-BF15-49CD-99BB-4EBFD1CB763D}.Release|Any CPU.Build.0 = Release|Any CPU
		{11DF9826-60F8-4387-8C56-27CEB409C94B}.Debug|Any CPU.ActiveCfg = Debug|Any CPU
		{11DF9826-60F8-4387-8C56-27CEB409C94B}.Debug|Any CPU.Build.0 = Debug|Any CPU
		{11DF9826-60F8-4387-8C56-27CEB409C94B}.Release|Any CPU.ActiveCfg = Release|Any CPU
		{11DF9826-60F8-4387-8C56-27CEB409C94B}.Release|Any CPU.Build.0 = Release|Any CPU
	EndGlobalSection
	GlobalSection(SolutionProperties) = preSolution
		HideSolutionNode = FALSE
	EndGlobalSection
	GlobalSection(NestedProjects) = preSolution
		{699C6099-4201-4970-B041-4812A4DF432A} = {21A65721-43C3-42FD-A5D6-F7CDF616DEC0}
		{A517410C-803A-4D30-B8B8-8CAEB6A85A67} = {1C8A0CDA-7CA1-4E36-8320-19066F8CE5E9}
		{AEC92432-D8BD-4DF1-9256-39748D0FB6C0} = {3424F596-9FE5-4DC1-97A6-02B34D35F36E}
		{40BA43E8-D6E2-40EA-AFAA-81D2F82D3AB4} = {3424F596-9FE5-4DC1-97A6-02B34D35F36E}
		{60C82364-FCD9-4879-9053-61F6B47ADCF5} = {3424F596-9FE5-4DC1-97A6-02B34D35F36E}
		{AE7F039F-0E2C-455F-8EC8-0355B4BBA5D8} = {DA4C124F-EB70-4F21-9542-73FAFA49016F}
		{6D06F944-119C-4C00-B487-4F0AF640AAEA} = {DA4C124F-EB70-4F21-9542-73FAFA49016F}
		{FFC838CB-E8BD-4465-991F-82DCC1BD30A7} = {DA4C124F-EB70-4F21-9542-73FAFA49016F}
		{EC7CACD2-BF15-49CD-99BB-4EBFD1CB763D} = {2F83A028-18B4-4CB7-BCBC-ECF6C7A1FC47}
		{11DF9826-60F8-4387-8C56-27CEB409C94B} = {2F83A028-18B4-4CB7-BCBC-ECF6C7A1FC47}
	EndGlobalSection
EndGlobal
